
Microsoft Visual Studio Solution File, Format Version 12.00
# Visual Studio Version 16
VisualStudioVersion = 16.0.30225.117
MinimumVisualStudioVersion = 10.0.40219.1
Project("{FAE04EC0-301F-11D3-BF4B-00C04F79EFBC}") = "MongoDB", "MongoDB\MongoDB.csproj", "{322D21DA-904A-4B3B-BDAB-BB6DD80083CE}"
EndProject
Global
	GlobalSection(SolutionConfigurationPlatforms) = preSolution
		Debug|Any CPU = Debug|Any CPU
		Release|Any CPU = Release|Any CPU
	EndGlobalSection
	GlobalSection(ProjectConfigurationPlatforms) = postSolution
		{322D21DA-904A-4B3B-BDAB-BB6DD80083CE}.Debug|Any CPU.ActiveCfg = Debug|Any CPU
		{322D21DA-904A-4B3B-BDAB-BB6DD80083CE}.Debug|Any CPU.Build.0 = Debug|Any CPU
		{322D21DA-904A-4B3B-BDAB-BB6DD80083CE}.Release|Any CPU.ActiveCfg = Release|Any CPU
		{322D21DA-904A-4B3B-BDAB-BB6DD80083CE}.Release|Any CPU.Build.0 = Release|Any CPU
	EndGlobalSection
	GlobalSection(SolutionProperties) = preSolution
		HideSolutionNode = FALSE
	EndGlobalSection
	GlobalSection(ExtensibilityGlobals) = postSolution
		SolutionGuid = {4E8906DB-1B4B-4AB1-B217-74A6CC6FB987}
	EndGlobalSection
EndGlobal
